Microsoft Visual Studio Solution File, Format Version 11.00
# Visual Studio 2008

Project("{C6DF791D-5970-D73E-942F-0B19B8E79B07}") = "IS320_2016S2_G03", "Assembly-CSharp-firstpass.csproj", "{240AA072-5895-032F-28DC-CF93841F43FB}"
EndProject
Project("{C6DF791D-5970-D73E-942F-0B19B8E79B07}") = "IS320_2016S2_G03", "Assembly-CSharp.csproj", "{20643412-F204-76C4-5213-D75A9BE3C492}"
EndProject
Project("{C6DF791D-5970-D73E-942F-0B19B8E79B07}") = "IS320_2016S2_G03", "Assembly-CSharp-Editor.csproj", "{91FD3414-9930-9F1F-2BAC-52000981EFB0}"
EndProject
Global
	GlobalSection(SolutionConfigurationPlatforms) = preSolution
		Debug|Any CPU = Debug|Any CPU
		Release|Any CPU = Release|Any CPU
	EndGlobalSection
	GlobalSection(ProjectConfigurationPlatforms) = postSolution
		{240AA072-5895-032F-28DC-CF93841F43FB}.Debug|Any CPU.ActiveCfg = Debug|Any CPU
		{240AA072-5895-032F-28DC-CF93841F43FB}.Debug|Any CPU.Build.0 = Debug|Any CPU
		{240AA072-5895-032F-28DC-CF93841F43FB}.Release|Any CPU.ActiveCfg = Release|Any CPU
		{240AA072-5895-032F-28DC-CF93841F43FB}.Release|Any CPU.Build.0 = Release|Any CPU
		{20643412-F204-76C4-5213-D75A9BE3C492}.Debug|Any CPU.ActiveCfg = Debug|Any CPU
		{20643412-F204-76C4-5213-D75A9BE3C492}.Debug|Any CPU.Build.0 = Debug|Any CPU
		{20643412-F204-76C4-5213-D75A9BE3C492}.Release|Any CPU.ActiveCfg = Release|Any CPU
		{20643412-F204-76C4-5213-D75A9BE3C492}.Release|Any CPU.Build.0 = Release|Any CPU
		{91FD3414-9930-9F1F-2BAC-52000981EFB0}.Debug|Any CPU.ActiveCfg = Debug|Any CPU
		{91FD3414-9930-9F1F-2BAC-52000981EFB0}.Debug|Any CPU.Build.0 = Debug|Any CPU
		{91FD3414-9930-9F1F-2BAC-52000981EFB0}.Release|Any CPU.ActiveCfg = Release|Any CPU
		{91FD3414-9930-9F1F-2BAC-52000981EFB0}.Release|Any CPU.Build.0 = Release|Any CPU
	EndGlobalSection
	GlobalSection(SolutionProperties) = preSolution
		HideSolutionNode = FALSE
	EndGlobalSection
	GlobalSection(MonoDevelopProperties) = preSolution
		StartupItem = Assembly-CSharp.csproj
	EndGlobalSection
EndGlobal
